// !$*UTF8*$!
{
	archiveVersion = 1;
	classes = {
	};
	objectVersion = 56;
	objects = {

/* Begin PBXBuildFile section */
		8D4B8B232A7CCB270032AA26 /* VideoViewController.swift in Sources */ = {isa = PBXBuildFile; fileRef = 8D4B8B222A7CCB270032AA26 /* VideoViewController.swift */; };
		8D4B8B252A7CD5C90032AA26 /* RecordingViewController.swift in Sources */ = {isa = PBXBuildFile; fileRef = 8D4B8B242A7CD5C90032AA26 /* RecordingViewController.swift */; };
		8D623E742A7B624E00E1E5E5 /* AppDelegate.swift in Sources */ = {isa = PBXBuildFile; fileRef = 8D623E732A7B624E00E1E5E5 /* AppDelegate.swift */; };
		8D623E762A7B624E00E1E5E5 /* SceneDelegate.swift in Sources */ = {isa = PBXBuildFile; fileRef = 8D623E752A7B624E00E1E5E5 /* SceneDelegate.swift */; };
		8D623E782A7B624E00E1E5E5 /* ViewController.swift in Sources */ = {isa = PBXBuildFile; fileRef = 8D623E772A7B624E00E1E5E5 /* ViewController.swift */; };
		8D623E7B2A7B624E00E1E5E5 /* Main.storyboard in Resources */ = {isa = PBXBuildFile; fileRef = 8D623E792A7B624E00E1E5E5 /* Main.storyboard */; };
		8D623E7D2A7B625000E1E5E5 /* Assets.xcassets in Resources */ = {isa = PBXBuildFile; fileRef = 8D623E7C2A7B625000E1E5E5 /* Assets.xcassets */; };
		8D623E802A7B625000E1E5E5 /* LaunchScreen.storyboard in Resources */ = {isa = PBXBuildFile; fileRef = 8D623E7E2A7B625000E1E5E5 /* LaunchScreen.storyboard */; };
		8D623E8B2A7B625100E1E5E5 /* Camera_using_AvFoundationTests.swift in Sources */ = {isa = PBXBuildFile; fileRef = 8D623E8A2A7B625100E1E5E5 /* Camera_using_AvFoundationTests.swift */; };
		8D623E952A7B625100E1E5E5 /* Camera_using_AvFoundationUITests.swift in Sources */ = {isa = PBXBuildFile; fileRef = 8D623E942A7B625100E1E5E5 /* Camera_using_AvFoundationUITests.swift */; };
		8D623E972A7B625100E1E5E5 /* Camera_using_AvFoundationUITestsLaunchTests.swift in Sources */ = {isa = PBXBuildFile; fileRef = 8D623E962A7B625100E1E5E5 /* Camera_using_AvFoundationUITestsLaunchTests.swift */; };
		8D623EA42A7B962B00E1E5E5 /* ImageViewController.swift in Sources */ = {isa = PBXBuildFile; fileRef = 8D623EA32A7B962B00E1E5E5 /* ImageViewController.swift */; };
/* End PBXBuildFile section */

/* Begin PBXContainerItemProxy section */
		8D623E872A7B625100E1E5E5 /* PBXContainerItemProxy */ = {
			isa = PBXContainerItemProxy;
			containerPortal = 8D623E682A7B624E00E1E5E5 /* Project object */;
			proxyType = 1;
			remoteGlobalIDString = 8D623E6F2A7B624E00E1E5E5;
			remoteInfo = "Camera using AvFoundation";
		};
		8D623E912A7B625100E1E5E5 /* PBXContainerItemProxy */ = {
			isa = PBXContainerItemProxy;
			containerPortal = 8D623E682A7B624E00E1E5E5 /* Project object */;
			proxyType = 1;
			remoteGlobalIDString = 8D623E6F2A7B624E00E1E5E5;
			remoteInfo = "Camera using AvFoundation";
		};
/* End PBXContainerItemProxy section */

/* Begin PBXFileReference section */
		8D4B8B222A7CCB270032AA26 /* VideoViewController.swift */ = {isa = PBXFileReference; lastKnownFileType = sourcecode.swift; path = VideoViewController.swift; sourceTree = "<group>"; };
		8D4B8B242A7CD5C90032AA26 /* RecordingViewController.swift */ = {isa = PBXFileReference; lastKnownFileType = sourcecode.swift; path = RecordingViewController.swift; sourceTree = "<group>"; };
		8D623E702A7B624E00E1E5E5 /* Camera using AvFoundation.app */ = {isa = PBXFileReference; explicitFileType = wrapper.application; includeInIndex = 0; path = "Camera using AvFoundation.app"; sourceTree = BUILT_PRODUCTS_DIR; };
		8D623E732A7B624E00E1E5E5 /* AppDelegate.swift */ = {isa = PBXFileReference; lastKnownFileType = sourcecode.swift; path = AppDelegate.swift; sourceTree = "<group>"; };
		8D623E752A7B624E00E1E5E5 /* SceneDelegate.swift */ = {isa = PBXFileReference; lastKnownFileType = sourcecode.swift; path = SceneDelegate.swift; sourceTree = "<group>"; };
		8D623E772A7B624E00E1E5E5 /* ViewController.swift */ = {isa = PBXFileReference; lastKnownFileType = sourcecode.swift; path = ViewController.swift; sourceTree = "<group>"; };
		8D623E7A2A7B624E00E1E5E5 /* Base */ = {isa = PBXFileReference; lastKnownFileType = file.storyboard; name = Base; path = Base.lproj/Main.storyboard; sourceTree = "<group>"; };
		8D623E7C2A7B625000E1E5E5 /* Assets.xcassets */ = {isa = PBXFileReference; lastKnownFileType = folder.assetcatalog; path = Assets.xcassets; sourceTree = "<group>"; };
		8D623E7F2A7B625000E1E5E5 /* Base */ = {isa = PBXFileReference; lastKnownFileType = file.storyboard; name = Base; path = Base.lproj/LaunchScreen.storyboard; sourceTree = "<group>"; };
		8D623E812A7B625000E1E5E5 /* Info.plist */ = {isa = PBXFileReference; lastKnownFileType = text.plist.xml; path = Info.plist; sourceTree = "<group>"; };
		8D623E862A7B625100E1E5E5 /* Camera using AvFoundationTests.xctest */ = {isa = PBXFileReference; explicitFileType = wrapper.cfbundle; includeInIndex = 0; path = "Camera using AvFoundationTests.xctest"; sourceTree = BUILT_PRODUCTS_DIR; };
		8D623E8A2A7B625100E1E5E5 /* Camera_using_AvFoundationTests.swift */ = {isa = PBXFileReference; lastKnownFileType = sourcecode.swift; path = Camera_using_AvFoundationTests.swift; sourceTree = "<group>"; };
		8D623E902A7B625100E1E5E5 /* Camera using AvFoundationUITests.xctest */ = {isa = PBXFileReference; explicitFileType = wrapper.cfbundle; includeInIndex = 0; path = "Camera using AvFoundationUITests.xctest"; sourceTree = BUILT_PRODUCTS_DIR; };
		8D623E942A7B625100E1E5E5 /* Camera_using_AvFoundationUITests.swift */ = {isa = PBXFileReference; lastKnownFileType = sourcecode.swift; path = Camera_using_AvFoundationUITests.swift; sourceTree = "<group>"; };
		8D623E962A7B625100E1E5E5 /* Camera_using_AvFoundationUITestsLaunchTests.swift */ = {isa = PBXFileReference; lastKnownFileType = sourcecode.swift; path = Camera_using_AvFoundationUITestsLaunchTests.swift; sourceTree = "<group>"; };
		8D623EA32A7B962B00E1E5E5 /* ImageViewController.swift */ = {isa = PBXFileReference; lastKnownFileType = sourcecode.swift; path = ImageViewController.swift; sourceTree = "<group>"; };
/* End PBXFileReference section */

/* Begin PBXFrameworksBuildPhase section */
		8D623E6D2A7B624E00E1E5E5 /* Frameworks */ = {
			isa = PBXFrameworksBuildPhase;
			buildActionMask = 2147483647;
			files = (
			);
			runOnlyForDeploymentPostprocessing = 0;
		};
		8D623E832A7B625100E1E5E5 /* Frameworks */ = {
			isa = PBXFrameworksBuildPhase;
			buildActionMask = 2147483647;
			files = (
			);
			runOnlyForDeploymentPostprocessing = 0;
		};
		8D623E8D2A7B625100E1E5E5 /* Frameworks */ = {
			isa = PBXFrameworksBuildPhase;
			buildActionMask = 2147483647;
			files = (
			);
			runOnlyForDeploymentPostprocessing = 0;
		};
/* End PBXFrameworksBuildPhase section */

/* Begin PBXGroup section */
		8D623E672A7B624E00E1E5E5 = {
			isa = PBXGroup;
			children = (
				8D623E722A7B624E00E1E5E5 /* Camera using AvFoundation */,
				8D623E892A7B625100E1E5E5 /* Camera using AvFoundationTests */,
				8D623E932A7B625100E1E5E5 /* Camera using AvFoundationUITests */,
				8D623E712A7B624E00E1E5E5 /* Products */,
			);
			sourceTree = "<group>";
		};
		8D623E712A7B624E00E1E5E5 /* Products */ = {
			isa = PBXGroup;
			children = (
				8D623E702A7B624E00E1E5E5 /* Camera using AvFoundation.app */,
				8D623E862A7B625100E1E5E5 /* Camera using AvFoundationTests.xctest */,
				8D623E902A7B625100E1E5E5 /* Camera using AvFoundationUITests.xctest */,
			);
			name = Products;
			sourceTree = "<group>";
		};
		8D623E722A7B624E00E1E5E5 /* Camera using AvFoundation */ = {
			isa = PBXGroup;
			children = (
				8D623E732A7B624E00E1E5E5 /* AppDelegate.swift */,
				8D623E752A7B624E00E1E5E5 /* SceneDelegate.swift */,
				8D623E772A7B624E00E1E5E5 /* ViewController.swift */,
				8D623EA32A7B962B00E1E5E5 /* ImageViewController.swift */,
				8D4B8B242A7CD5C90032AA26 /* RecordingViewController.swift */,
				8D4B8B222A7CCB270032AA26 /* VideoViewController.swift */,
				8D623E792A7B624E00E1E5E5 /* Main.storyboard */,
				8D623E7C2A7B625000E1E5E5 /* Assets.xcassets */,
				8D623E7E2A7B625000E1E5E5 /* LaunchScreen.storyboard */,
				8D623E812A7B625000E1E5E5 /* Info.plist */,
			);
			path = "Camera using AvFoundation";
			sourceTree = "<group>";
		};
		8D623E892A7B625100E1E5E5 /* Camera using AvFoundationTests */ = {
			isa = PBXGroup;
			children = (
				8D623E8A2A7B625100E1E5E5 /* Camera_using_AvFoundationTests.swift */,
			);
			path = "Camera using AvFoundationTests";
			sourceTree = "<group>";
		};
		8D623E932A7B625100E1E5E5 /* Camera using AvFoundationUITests */ = {
			isa = PBXGroup;
			children = (
				8D623E942A7B625100E1E5E5 /* Camera_using_AvFoundationUITests.swift */,
				8D623E962A7B625100E1E5E5 /* Camera_using_AvFoundationUITestsLaunchTests.swift */,
			);
			path = "Camera using AvFoundationUITests";
			sourceTree = "<group>";
		};
/* End PBXGroup section */

/* Begin PBXNativeTarget section */
		8D623E6F2A7B624E00E1E5E5 /* Camera using AvFoundation */ = {
			isa = PBXNativeTarget;
			buildConfigurationList = 8D623E9A2A7B625100E1E5E5 /* Build configuration list for PBXNativeTarget "Camera using AvFoundation" */;
			buildPhases = (
				8D623E6C2A7B624E00E1E5E5 /* Sources */,
				8D623E6D2A7B624E00E1E5E5 /* Frameworks */,
				8D623E6E2A7B624E00E1E5E5 /* Resources */,
			);
			buildRules = (
			);
			dependencies = (
			);
			name = "Camera using AvFoundation";
			productName = "Camera using AvFoundation";
			productReference = 8D623E702A7B624E00E1E5E5 /* Camera using AvFoundation.app */;
			productType = "com.apple.product-type.application";
		};
		8D623E852A7B625100E1E5E5 /* Camera using AvFoundationTests */ = {
			isa = PBXNativeTarget;
			buildConfigurationList = 8D623E9D2A7B625100E1E5E5 /* Build configuration list for PBXNativeTarget "Camera using AvFoundationTests" */;
			buildPhases = (
				8D623E822A7B625100E1E5E5 /* Sources */,
				8D623E832A7B625100E1E5E5 /* Frameworks */,
				8D623E842A7B625100E1E5E5 /* Resources */,
			);
			buildRules = (
			);
			dependencies = (
				8D623E882A7B625100E1E5E5 /* PBXTargetDependency */,
			);
			name = "Camera using AvFoundationTests";
			productName = "Camera using AvFoundationTests";
			productReference = 8D623E862A7B625100E1E5E5 /* Camera using AvFoundationTests.xctest */;
			productType = "com.apple.product-type.bundle.unit-test";
		};
		8D623E8F2A7B625100E1E5E5 /* Camera using AvFoundationUITests */ = {
			isa = PBXNativeTarget;
			buildConfigurationList = 8D623EA02A7B625100E1E5E5 /* Build configuration list for PBXNativeTarget "Camera using AvFoundationUITests" */;
			buildPhases = (
				8D623E8C2A7B625100E1E5E5 /* Sources */,
				8D623E8D2A7B625100E1E5E5 /* Frameworks */,
				8D623E8E2A7B625100E1E5E5 /* Resources */,
			);
			buildRules = (
			);
			dependencies = (
				8D623E922A7B625100E1E5E5 /* PBXTargetDependency */,
			);
			name = "Camera using AvFoundationUITests";
			productName = "Camera using AvFoundationUITests";
			productReference = 8D623E902A7B625100E1E5E5 /* Camera using AvFoundationUITests.xctest */;
			productType = "com.apple.product-type.bundle.ui-testing";
		};
/* End PBXNativeTarget section */

/* Begin PBXProject section */
		8D623E682A7B624E00E1E5E5 /* Project object */ = {
			isa = PBXProject;
			attributes = {
				BuildIndependentTargetsInParallel = 1;
				LastSwiftUpdateCheck = 1410;
				LastUpgradeCheck = 1410;
				TargetAttributes = {
					8D623E6F2A7B624E00E1E5E5 = {
						CreatedOnToolsVersion = 14.1;
					};
					8D623E852A7B625100E1E5E5 = {
						CreatedOnToolsVersion = 14.1;
						TestTargetID = 8D623E6F2A7B624E00E1E5E5;
					};
					8D623E8F2A7B625100E1E5E5 = {
						CreatedOnToolsVersion = 14.1;
						TestTargetID = 8D623E6F2A7B624E00E1E5E5;
					};
				};
			};
			buildConfigurationList = 8D623E6B2A7B624E00E1E5E5 /* Build configuration list for PBXProject "Camera using AvFoundation" */;
			compatibilityVersion = "Xcode 14.0";
			developmentRegion = en;
			hasScannedForEncodings = 0;
			knownRegions = (
				en,
				Base,
			);
			mainGroup = 8D623E672A7B624E00E1E5E5;
			productRefGroup = 8D623E712A7B624E00E1E5E5 /* Products */;
			projectDirPath = "";
			projectRoot = "";
			targets = (
				8D623E6F2A7B624E00E1E5E5 /* Camera using AvFoundation */,
				8D623E852A7B625100E1E5E5 /* Camera using AvFoundationTests */,
				8D623E8F2A7B625100E1E5E5 /* Camera using AvFoundationUITests */,
			);
		};
/* End PBXProject section */

/* Begin PBXResourcesBuildPhase section */
		8D623E6E2A7B624E00E1E5E5 /* Resources */ = {
			isa = PBXResourcesBuildPhase;
			buildActionMask = 2147483647;
			files = (
				8D623E802A7B625000E1E5E5 /* LaunchScreen.storyboard in Resources */,
				8D623E7D2A7B625000E1E5E5 /* Assets.xcassets in Resources */,
				8D623E7B2A7B624E00E1E5E5 /* Main.storyboard in Resources */,
			);
			runOnlyForDeploymentPostprocessing = 0;
		};
		8D623E842A7B625100E1E5E5 /* Resources */ = {
			isa = PBXResourcesBuildPhase;
			buildActionMask = 2147483647;
			files = (
			);
			runOnlyForDeploymentPostprocessing = 0;
		};
		8D623E8E2A7B625100E1E5E5 /* Resources */ = {
			isa = PBXResourcesBuildPhase;
			buildActionMask = 2147483647;
			files = (
			);
			runOnlyForDeploymentPostprocessing = 0;
		};
/* End PBXResourcesBuildPhase section */

/* Begin PBXSourcesBuildPhase section */
		8D623E6C2A7B624E00E1E5E5 /* Sources */ = {
			isa = PBXSourcesBuildPhase;
			buildActionMask = 2147483647;
			files = (
				8D623E782A7B624E00E1E5E5 /* ViewController.swift in Sources */,
				8D623E742A7B624E00E1E5E5 /* AppDelegate.swift in Sources */,
				8D623EA42A7B962B00E1E5E5 /* ImageViewController.swift in Sources */,
				8D4B8B232A7CCB270032AA26 /* VideoViewController.swift in Sources */,
				8D4B8B252A7CD5C90032AA26 /* RecordingViewController.swift in Sources */,
				8D623E762A7B624E00E1E5E5 /* SceneDelegate.swift in Sources */,
			);
			runOnlyForDeploymentPostprocessing = 0;
		};
		8D623E822A7B625100E1E5E5 /* Sources */ = {
			isa = PBXSourcesBuildPhase;
			buildActionMask = 2147483647;
			files = (
				8D623E8B2A7B625100E1E5E5 /* Camera_using_AvFoundationTests.swift in Sources */,
			);
			runOnlyForDeploymentPostprocessing = 0;
		};
		8D623E8C2A7B625100E1E5E5 /* Sources */ = {
			isa = PBXSourcesBuildPhase;
			buildActionMask = 2147483647;
			files = (
				8D623E972A7B625100E1E5E5 /* Camera_using_AvFoundationUITestsLaunchTests.swift in Sources */,
				8D623E952A7B625100E1E5E5 /* Camera_using_AvFoundationUITests.swift in Sources */,
			);
			runOnlyForDeploymentPostprocessing = 0;
		};
/* End PBXSourcesBuildPhase section */

/* Begin PBXTargetDependency section */
		8D623E882A7B625100E1E5E5 /* PBXTargetDependency */ = {
			isa = PBXTargetDependency;
			target = 8D623E6F2A7B624E00E1E5E5 /* Camera using AvFoundation */;
			targetProxy = 8D623E872A7B625100E1E5E5 /* PBXContainerItemProxy */;
		};
		8D623E922A7B625100E1E5E5 /* PBXTargetDependency */ = {
			isa = PBXTargetDependency;
			target = 8D623E6F2A7B624E00E1E5E5 /* Camera using AvFoundation */;
			targetProxy = 8D623E912A7B625100E1E5E5 /* PBXContainerItemProxy */;
		};
/* End PBXTargetDependency section */

/* Begin PBXVariantGroup section */
		8D623E792A7B624E00E1E5E5 /* Main.storyboard */ = {
			isa = PBXVariantGroup;
			children = (
				8D623E7A2A7B624E00E1E5E5 /* Base */,
			);
			name = Main.storyboard;
			sourceTree = "<group>";
		};
		8D623E7E2A7B625000E1E5E5 /* LaunchScreen.storyboard */ = {
			isa = PBXVariantGroup;
			children = (
				8D623E7F2A7B625000E1E5E5 /* Base */,
			);
			name = LaunchScreen.storyboard;
			sourceTree = "<group>";
		};
/* End PBXVariantGroup section */

/* Begin XCBuildConfiguration section */
		8D623E982A7B625100E1E5E5 /* Debug */ = {
			isa = XCBuildConfiguration;
			buildSettings = {
				ALWAYS_SEARCH_USER_PATHS = NO;
				CLANG_ANALYZER_NONNULL = YES;
				CLANG_ANALYZER_NUMBER_OBJECT_CONVERSION = YES_AGGRESSIVE;
				CLANG_CXX_LANGUAGE_STANDARD = "gnu++20";
				CLANG_ENABLE_MODULES = YES;
				CLANG_ENABLE_OBJC_ARC = YES;
				CLANG_ENABLE_OBJC_WEAK = YES;
				CLANG_WARN_BLOCK_CAPTURE_AUTORELEASING = YES;
				CLANG_WARN_BOOL_CONVERSION = YES;
				CLANG_WARN_COMMA = YES;
				CLANG_WARN_CONSTANT_CONVERSION = YES;
				CLANG_WARN_DEPRECATED_OBJC_IMPLEMENTATIONS = YES;
				CLANG_WARN_DIRECT_OBJC_ISA_USAGE = YES_ERROR;
				CLANG_WARN_DOCUMENTATION_COMMENTS = YES;
				CLANG_WARN_EMPTY_BODY = YES;
				CLANG_WARN_ENUM_CONVERSION = YES;
				CLANG_WARN_INFINITE_RECURSION = YES;
				CLANG_WARN_INT_CONVERSION = YES;
				CLANG_WARN_NON_LITERAL_NULL_CONVERSION = YES;
				CLANG_WARN_OBJC_IMPLICIT_RETAIN_SELF = YES;
				CLANG_WARN_OBJC_LITERAL_CONVERSION = YES;
				CLANG_WARN_OBJC_ROOT_CLASS = YES_ERROR;
				CLANG_WARN_QUOTED_INCLUDE_IN_FRAMEWORK_HEADER = YES;
				CLANG_WARN_RANGE_LOOP_ANALYSIS = YES;
				CLANG_WARN_STRICT_PROTOTYPES = YES;
				CLANG_WARN_SUSPICIOUS_MOVE = YES;
				CLANG_WARN_UNGUARDED_AVAILABILITY = YES_AGGRESSIVE;
				CLANG_WARN_UNREACHABLE_CODE = YES;
				CLANG_WARN__DUPLICATE_METHOD_MATCH = YES;
				COPY_PHASE_STRIP = NO;
				DEBUG_INFORMATION_FORMAT = dwarf;
				ENABLE_STRICT_OBJC_MSGSEND = YES;
				ENABLE_TESTABILITY = YES;
				GCC_C_LANGUAGE_STANDARD = gnu11;
				GCC_DYNAMIC_NO_PIC = NO;
				GCC_NO_COMMON_BLOCKS = YES;
				GCC_OPTIMIZATION_LEVEL = 0;
				GCC_PREPROCESSOR_DEFINITIONS = (
					"DEBUG=1",
					"$(inherited)",
				);
				GCC_WARN_64_TO_32_BIT_CONVERSION = YES;
				GCC_WARN_ABOUT_RETURN_TYPE = YES_ERROR;
				GCC_WARN_UNDECLARED_SELECTOR = YES;
				GCC_WARN_UNINITIALIZED_AUTOS = YES_AGGRESSIVE;
				GCC_WARN_UNUSED_FUNCTION = YES;
				GCC_WARN_UNUSED_VARIABLE = YES;
				IPHONEOS_DEPLOYMENT_TARGET = 16.1;
				MTL_ENABLE_DEBUG_INFO = INCLUDE_SOURCE;
				MTL_FAST_MATH = YES;
				ONLY_ACTIVE_ARCH = YES;
				SDKROOT = iphoneos;
				SWIFT_ACTIVE_COMPILATION_CONDITIONS = DEBUG;
				SWIFT_OPTIMIZATION_LEVEL = "-Onone";
			};
			name = Debug;
		};
		8D623E992A7B625100E1E5E5 /* Release */ = {
			isa = XCBuildConfiguration;
			buildSettings = {
				ALWAYS_SEARCH_USER_PATHS = NO;
				CLANG_ANALYZER_NONNULL = YES;
				CLANG_ANALYZER_NUMBER_OBJECT_CONVERSION = YES_AGGRESSIVE;
				CLANG_CXX_LANGUAGE_STANDARD = "gnu++20";
				CLANG_ENABLE_MODULES = YES;
				CLANG_ENABLE_OBJC_ARC = YES;
				CLANG_ENABLE_OBJC_WEAK = YES;
				CLANG_WARN_BLOCK_CAPTURE_AUTORELEASING = YES;
				CLANG_WARN_BOOL_CONVERSION = YES;
				CLANG_WARN_COMMA = YES;
				CLANG_WARN_CONSTANT_CONVERSION = YES;
				CLANG_WARN_DEPRECATED_OBJC_IMPLEMENTATIONS = YES;
				CLANG_WARN_DIRECT_OBJC_ISA_USAGE = YES_ERROR;
				CLANG_WARN_DOCUMENTATION_COMMENTS = YES;
				CLANG_WARN_EMPTY_BODY = YES;
				CLANG_WARN_ENUM_CONVERSION = YES;
				CLANG_WARN_INFINITE_RECURSION = YES;
				CLANG_WARN_INT_CONVERSION = YES;
				CLANG_WARN_NON_LITERAL_NULL_CONVERSION = YES;
				CLANG_WARN_OBJC_IMPLICIT_RETAIN_SELF = YES;
				CLANG_WARN_OBJC_LITERAL_CONVERSION = YES;
				CLANG_WARN_OBJC_ROOT_CLASS = YES_ERROR;
				CLANG_WARN_QUOTED_INCLUDE_IN_FRAMEWORK_HEADER = YES;
				CLANG_WARN_RANGE_LOOP_ANALYSIS = YES;
				CLANG_WARN_STRICT_PROTOTYPES = YES;
				CLANG_WARN_SUSPICIOUS_MOVE = YES;
				CLANG_WARN_UNGUARDED_AVAILABILITY = YES_AGGRESSIVE;
				CLANG_WARN_UNREACHABLE_CODE = YES;
				CLANG_WARN__DUPLICATE_METHOD_MATCH = YES;
				COPY_PHASE_STRIP = NO;
				DEBUG_INFORMATION_FORMAT = "dwarf-with-dsym";
				ENABLE_NS_ASSERTIONS = NO;
				ENABLE_STRICT_OBJC_MSGSEND = YES;
				GCC_C_LANGUAGE_STANDARD = gnu11;
				GCC_NO_COMMON_BLOCKS = YES;
				GCC_WARN_64_TO_32_BIT_CONVERSION = YES;
				GCC_WARN_ABOUT_RETURN_TYPE = YES_ERROR;
				GCC_WARN_UNDECLARED_SELECTOR = YES;
				GCC_WARN_UNINITIALIZED_AUTOS = YES_AGGRESSIVE;
				GCC_WARN_UNUSED_FUNCTION = YES;
				GCC_WARN_UNUSED_VARIABLE = YES;
				IPHONEOS_DEPLOYMENT_TARGET = 16.1;
				MTL_ENABLE_DEBUG_INFO = NO;
				MTL_FAST_MATH = YES;
				SDKROOT = iphoneos;
				SWIFT_COMPILATION_MODE = wholemodule;
				SWIFT_OPTIMIZATION_LEVEL = "-O";
				VALIDATE_PRODUCT = YES;
			};
			name = Release;
		};
		8D623E9B2A7B625100E1E5E5 /* Debug */ = {
			isa = XCBuildConfiguration;
			buildSettings = {
				ASSETCATALOG_COMPILER_APPICON_NAME = AppIcon;
				ASSETCATALOG_COMPILER_GLOBAL_ACCENT_COLOR_NAME = AccentColor;
				CODE_SIGN_STYLE = Automatic;
				CURRENT_PROJECT_VERSION = 1;
				DEVELOPMENT_TEAM = SY4CHD2YQ6;
				GENERATE_INFOPLIST_FILE = YES;
				INFOPLIST_FILE = "Camera using AvFoundation/Info.plist";
				INFOPLIST_KEY_NSCameraUsageDescription = "camera please";
				INFOPLIST_KEY_NSMicrophoneUsageDescription = "For mic";
				INFOPLIST_KEY_NSPhotoLibraryUsageDescription = "";
				INFOPLIST_KEY_UIApplicationSupportsIndirectInputEvents = YES;
				INFOPLIST_KEY_UILaunchStoryboardName = LaunchScreen;
				INFOPLIST_KEY_UIMainStoryboardFile = Main;
				INFOPLIST_KEY_UISupportedInterfaceOrientations_iPad = "UIInterfaceOrientationPortrait UIInterfaceOrientationPortraitUpsideDown UIInterfaceOrientationLandscapeLeft UIInterfaceOrientationLandscapeRight";
				INFOPLIST_KEY_UISupportedInterfaceOrientations_iPhone = "UIInterfaceOrientationPortrait UIInterfaceOrientationLandscapeLeft UIInterfaceOrientationLandscapeRight";
				LD_RUNPATH_SEARCH_PATHS = (
					"$(inherited)",
					"@executable_path/Frameworks",
				);
				MARKETING_VERSION = 1.0;
				PRODUCT_BUNDLE_IDENTIFIER = "com.digival.Camera-using-AvFoundation";
				PRODUCT_NAME = "$(TARGET_NAME)";
				SWIFT_EMIT_LOC_STRINGS = YES;
				SWIFT_VERSION = 5.0;
				TARGETED_DEVICE_FAMILY = "1,2";
			};
			name = Debug;
		};
		8D623E9C2A7B625100E1E5E5 /* Release */ = {
			isa = XCBuildConfiguration;
			buildSettings = {
				ASSETCATALOG_COMPILER_APPICON_NAME = AppIcon;
				ASSETCATALOG_COMPILER_GLOBAL_ACCENT_COLOR_NAME = AccentColor;
				CODE_SIGN_STYLE = Automatic;
				CURRENT_PROJECT_VERSION = 1;
				DEVELOPMENT_TEAM = SY4CHD2YQ6;
				GENERATE_INFOPLIST_FILE = YES;
				INFOPLIST_FILE = "Camera using AvFoundation/Info.plist";
				INFOPLIST_KEY_NSCameraUsageDescription = "camera please";
				INFOPLIST_KEY_NSMicrophoneUsageDescription = "For mic";
				INFOPLIST_KEY_NSPhotoLibraryUsageDescription = "";
				INFOPLIST_KEY_UIApplicationSupportsIndirectInputEvents = YES;
				INFOPLIST_KEY_UILaunchStoryboardName = LaunchScreen;
				INFOPLIST_KEY_UIMainStoryboardFile = Main;
				INFOPLIST_KEY_UISupportedInterfaceOrientations_iPad = "UIInterfaceOrientationPortrait UIInterfaceOrientationPortraitUpsideDown UIInterfaceOrientationLandscapeLeft UIInterfaceOrientationLandscapeRight";
				INFOPLIST_KEY_UISupportedInterfaceOrientations_iPhone = "UIInterfaceOrientationPortrait UIInterfaceOrientationLandscapeLeft UIInterfaceOrientationLandscapeRight";
				LD_RUNPATH_SEARCH_PATHS = (
					"$(inherited)",
					"@executable_path/Frameworks",
				);
				MARKETING_VERSION = 1.0;
				PRODUCT_BUNDLE_IDENTIFIER = "com.digival.Camera-using-AvFoundation";
				PRODUCT_NAME = "$(TARGET_NAME)";
				SWIFT_EMIT_LOC_STRINGS = YES;
				SWIFT_VERSION = 5.0;
				TARGETED_DEVICE_FAMILY = "1,2";
			};
			name = Release;
		};
		8D623E9E2A7B625100E1E5E5 /* Debug */ = {
			isa = XCBuildConfiguration;
			buildSettings = {
				ALWAYS_EMBED_SWIFT_STANDARD_LIBRARIES = YES;
				BUNDLE_LOADER = "$(TEST_HOST)";
				CODE_SIGN_STYLE = Automatic;
				CURRENT_PROJECT_VERSION = 1;
				GENERATE_INFOPLIST_FILE = YES;
				IPHONEOS_DEPLOYMENT_TARGET = 16.1;
				MARKETING_VERSION = 1.0;
				PRODUCT_BUNDLE_IDENTIFIER = "digival.Camera-using-AvFoundationTests";
				PRODUCT_NAME = "$(TARGET_NAME)";
				SWIFT_EMIT_LOC_STRINGS = NO;
				SWIFT_VERSION = 5.0;
				TARGETED_DEVICE_FAMILY = "1,2";
				TEST_HOST = "$(BUILT_PRODUCTS_DIR)/Camera using AvFoundation.app/$(BUNDLE_EXECUTABLE_FOLDER_PATH)/Camera using AvFoundation";
			};
			name = Debug;
		};
		8D623E9F2A7B625100E1E5E5 /* Release */ = {
			isa = XCBuildConfiguration;
			buildSettings = {
				ALWAYS_EMBED_SWIFT_STANDARD_LIBRARIES = YES;
				BUNDLE_LOADER = "$(TEST_HOST)";
				CODE_SIGN_STYLE = Automatic;
				CURRENT_PROJECT_VERSION = 1;
				GENERATE_INFOPLIST_FILE = YES;
				IPHONEOS_DEPLOYMENT_TARGET = 16.1;
				MARKETING_VERSION = 1.0;
				PRODUCT_BUNDLE_IDENTIFIER = "digival.Camera-using-AvFoundationTests";
				PRODUCT_NAME = "$(TARGET_NAME)";
				SWIFT_EMIT_LOC_STRINGS = NO;
				SWIFT_VERSION = 5.0;
				TARGETED_DEVICE_FAMILY = "1,2";
				TEST_HOST = "$(BUILT_PRODUCTS_DIR)/Camera using AvFoundation.app/$(BUNDLE_EXECUTABLE_FOLDER_PATH)/Camera using AvFoundation";
			};
			name = Release;
		};
		8D623EA12A7B625100E1E5E5 /* Debug */ = {
			isa = XCBuildConfiguration;
			buildSettings = {
				ALWAYS_EMBED_SWIFT_STANDARD_LIBRARIES = YES;
				CODE_SIGN_STYLE = Automatic;
				CURRENT_PROJECT_VERSION = 1;
				GENERATE_INFOPLIST_FILE = YES;
				MARKETING_VERSION = 1.0;
				PRODUCT_BUNDLE_IDENTIFIER = "digival.Camera-using-AvFoundationUITests";
				PRODUCT_NAME = "$(TARGET_NAME)";
				SWIFT_EMIT_LOC_STRINGS = NO;
				SWIFT_VERSION = 5.0;
				TARGETED_DEVICE_FAMILY = "1,2";
				TEST_TARGET_NAME = "Camera using AvFoundation";
			};
			name = Debug;
		};
		8D623EA22A7B625100E1E5E5 /* Release */ = {
			isa = XCBuildConfiguration;
			buildSettings = {
				ALWAYS_EMBED_SWIFT_STANDARD_LIBRARIES = YES;
				CODE_SIGN_STYLE = Automatic;
				CURRENT_PROJECT_VERSION = 1;
				GENERATE_INFOPLIST_FILE = YES;
				MARKETING_VERSION = 1.0;
				PRODUCT_BUNDLE_IDENTIFIER = "digival.Camera-using-AvFoundationUITests";
				PRODUCT_NAME = "$(TARGET_NAME)";
				SWIFT_EMIT_LOC_STRINGS = NO;
				SWIFT_VERSION = 5.0;
				TARGETED_DEVICE_FAMILY = "1,2";
				TEST_TARGET_NAME = "Camera using AvFoundation";
			};
			name = Release;
		};
/* End XCBuildConfiguration section */

/* Begin XCConfigurationList section */
		8D623E6B2A7B624E00E1E5E5 /* Build configuration list for PBXProject "Camera using AvFoundation" */ = {
			isa = XCConfigurationList;
			buildConfigurations = (
				8D623E982A7B625100E1E5E5 /* Debug */,
				8D623E992A7B625100E1E5E5 /* Release */,
			);
			defaultConfigurationIsVisible = 0;
			defaultConfigurationName = Release;
		};
		8D623E9A2A7B625100E1E5E5 /* Build configuration list for PBXNativeTarget "Camera using AvFoundation" */ = {
			isa = XCConfigurationList;
			buildConfigurations = (
				8D623E9B2A7B625100E1E5E5 /* Debug */,
				8D623E9C2A7B625100E1E5E5 /* Release */,
			);
			defaultConfigurationIsVisible = 0;
			defaultConfigurationName = Release;
		};
		8D623E9D2A7B625100E1E5E5 /* Build configuration list for PBXNativeTarget "Camera using AvFoundationTests" */ = {
			isa = XCConfigurationList;
			buildConfigurations = (
				8D623E9E2A7B625100E1E5E5 /* Debug */,
				8D623E9F2A7B625100E1E5E5 /* Release */,
			);
			defaultConfigurationIsVisible = 0;
			defaultConfigurationName = Release;
		};
		8D623EA02A7B625100E1E5E5 /* Build configuration list for PBXNativeTarget "Camera using AvFoundationUITests" */ = {
			isa = XCConfigurationList;
			buildConfigurations = (
				8D623EA12A7B625100E1E5E5 /* Debug */,
				8D623EA22A7B625100E1E5E5 /* Release */,
			);
			defaultConfigurationIsVisible = 0;
			defaultConfigurationName = Release;
		};
/* End XCConfigurationList section */
	};
	rootObject = 8D623E682A7B624E00E1E5E5 /* Project object */;
}
